{
  "name": "rstudio-trial",
  "version": "0.0.0",
  "lockfileVersion": 3,
  "requires": true,
  "packages": {
    "": {
      "name": "rstudio-trial",
      "version": "0.0.0",
      "devDependencies": {
        "@drugstoresushi/phileas": "file:../.."
      }
    },
    "../..": {
      "name": "@drugstoresushi/phileas",
      "version": "0.0.0",
      "dev": true,
      "dependencies": {
        "@electron/asar": "^4.3.0"
      },
      "bin": {
        "phileas": "bin/phileas.mjs"
      },
      "devDependencies": {
        "@playwright/test": "^1.63.0",
        "@types/node": "^26.6.2",
        "electron": "^44.4.3",
        "typescript": "^7.0.2"
      },
      "engines": {
        "node": ">=24"
      },
      "peerDependencies": {
        "@playwright/test": "~1.63.0",
        "electron": ">=43 <45"
      }
    },
    "node_modules/@drugstoresushi/phileas": {
      "resolved": "../..",
      "link": true
    }
  }
}
